
Microsoft Visual Studio Solution File, Format Version 12.00
# Visual Studio Version 17
VisualStudioVersion = 17.0.31903.59
MinimumVisualStudioVersion = 10.0.40219.1
Project("{9A19103F-16F7-4668-BE54-9A1E7A4F7556}") = "API", "API\API.csproj", "{E13F6420-2D52-4051-91D8-3E6C161912F7}"
EndProject
Project("{FAE04EC0-301F-11D3-BF4B-00C04F79EFBC}") = "API.Core", "API.Core\API.Core.csproj", "{041D08BC-FF44-48D1-89AE-09EF232E1400}"
EndProject
Project("{FAE04EC0-301F-11D3-BF4B-00C04F79EFBC}") = "API.Infrastructure", "API.Infrastructure\API.Infrastructure.csproj", "{8704B8E8-2A7F-4582-A4E1-23910D9E8377}"
EndProject
Global
	GlobalSection(SolutionConfigurationPlatforms) = preSolution
		Debug|Any CPU = Debug|Any CPU
		Release|Any CPU = Release|Any CPU
	EndGlobalSection
	GlobalSection(ProjectConfigurationPlatforms) = postSolution
		{E13F6420-2D52-4051-91D8-3E6C161912F7}.Debug|Any CPU.ActiveCfg = Debug|Any CPU
		{E13F6420-2D52-4051-91D8-3E6C161912F7}.Debug|Any CPU.Build.0 = Debug|Any CPU
		{E13F6420-2D52-4051-91D8-3E6C161912F7}.Release|Any CPU.ActiveCfg = Release|Any CPU
		{E13F6420-2D52-4051-91D8-3E6C161912F7}.Release|Any CPU.Build.0 = Release|Any CPU
		{041D08BC-FF44-48D1-89AE-09EF232E1400}.Debug|Any CPU.ActiveCfg = Debug|Any CPU
		{041D08BC-FF44-48D1-89AE-09EF232E1400}.Debug|Any CPU.Build.0 = Debug|Any CPU
		{041D08BC-FF44-48D1-89AE-09EF232E1400}.Release|Any CPU.ActiveCfg = Release|Any CPU
		{041D08BC-FF44-48D1-89AE-09EF232E1400}.Release|Any CPU.Build.0 = Release|Any CPU
		{8704B8E8-2A7F-4582-A4E1-23910D9E8377}.Debug|Any CPU.ActiveCfg = Debug|Any CPU
		{8704B8E8-2A7F-4582-A4E1-23910D9E8377}.Debug|Any CPU.Build.0 = Debug|Any CPU
		{8704B8E8-2A7F-4582-A4E1-23910D9E8377}.Release|Any CPU.ActiveCfg = Release|Any CPU
		{8704B8E8-2A7F-4582-A4E1-23910D9E8377}.Release|Any CPU.Build.0 = Release|Any CPU
	EndGlobalSection
	GlobalSection(SolutionProperties) = preSolution
		HideSolutionNode = FALSE
	EndGlobalSection
	GlobalSection(ExtensibilityGlobals) = postSolution
		SolutionGuid = {1E0E4BDA-6E31-4B31-99CA-69F2F6447AA3}
	EndGlobalSection
EndGlobal
